
Microsoft Visual Studio Solution File, Format Version 12.00
# Visual Studio 14
VisualStudioVersion = 14.0.25420.1
MinimumVisualStudioVersion = 10.0.40219.1
Project("{FAE04EC0-301F-11D3-BF4B-00C04F79EFBC}") = "SmartERP.Repository", "SmartERP.Repository\SmartERP.Repository.csproj", "{93A97F3F-8C82-461F-8810-888F1EF93D6E}"
EndProject
Project("{FAE04EC0-301F-11D3-BF4B-00C04F79EFBC}") = "SmartERP.Entity", "..\SmartERP.Entity\SmartERP.Entity\SmartERP.Entity.csproj", "{58D24B07-2577-43E4-B76C-B5E6410C70C2}"
EndProject
Global
	GlobalSection(SolutionConfigurationPlatforms) = preSolution
		Debug|Any CPU = Debug|Any CPU
		Release|Any CPU = Release|Any CPU
	EndGlobalSection
	GlobalSection(ProjectConfigurationPlatforms) = postSolution
		{93A97F3F-8C82-461F-8810-888F1EF93D6E}.Debug|Any CPU.ActiveCfg = Debug|Any CPU
		{93A97F3F-8C82-461F-8810-888F1EF93D6E}.Debug|Any CPU.Build.0 = Debug|Any CPU
		{93A97F3F-8C82-461F-8810-888F1EF93D6E}.Release|Any CPU.ActiveCfg = Release|Any CPU
		{93A97F3F-8C82-461F-8810-888F1EF93D6E}.Release|Any CPU.Build.0 = Release|Any CPU
		{58D24B07-2577-43E4-B76C-B5E6410C70C2}.Debug|Any CPU.ActiveCfg = Debug|Any CPU
		{58D24B07-2577-43E4-B76C-B5E6410C70C2}.Debug|Any CPU.Build.0 = Debug|Any CPU
		{58D24B07-2577-43E4-B76C-B5E6410C70C2}.Release|Any CPU.ActiveCfg = Release|Any CPU
		{58D24B07-2577-43E4-B76C-B5E6410C70C2}.Release|Any CPU.Build.0 = Release|Any CPU
	EndGlobalSection
	GlobalSection(SolutionProperties) = preSolution
		HideSolutionNode = FALSE
	EndGlobalSection
	GlobalSection(TeamFoundationVersionControl) = preSolution
		SccNumberOfProjects = 3
		SccEnterpriseProvider = {4CA58AB2-18FA-4F8D-95D4-32DDF27D184C}
		SccTeamFoundationServer = https://anandarajan.visualstudio.com/
		SccLocalPath0 = .
		SccProjectUniqueName1 = SmartERP.Repository\\SmartERP.Repository.csproj
		SccProjectName1 = SmartERP.Repository
		SccLocalPath1 = SmartERP.Repository
		SccProjectUniqueName2 = ..\\SmartERP.Entity\\SmartERP.Entity\\SmartERP.Entity.csproj
		SccProjectName2 = ../SmartERP.Entity/SmartERP.Entity
		SccLocalPath2 = ..\\SmartERP.Entity\\SmartERP.Entity
	EndGlobalSection
EndGlobal
