
Microsoft Visual Studio Solution File, Format Version 12.00
# Visual Studio 14
VisualStudioVersion = 14.0.25420.1
MinimumVisualStudioVersion = 10.0.40219.1
Project("{FAE04EC0-301F-11D3-BF4B-00C04F79EFBC}") = "SmartERP.Web", "SmartERP.Web.csproj", "{24CA74F5-6AF8-4C67-AC79-3E648ECBEA68}"
EndProject
Project("{FAE04EC0-301F-11D3-BF4B-00C04F79EFBC}") = "SmartERP.Repository", "..\..\SmartERP.Repository\SmartERP.Repository\SmartERP.Repository.csproj", "{93A97F3F-8C82-461F-8810-888F1EF93D6E}"
EndProject
Project("{FAE04EC0-301F-11D3-BF4B-00C04F79EFBC}") = "SmartERP.Entity", "..\..\SmartERP.Entity\SmartERP.Entity\SmartERP.Entity.csproj", "{58D24B07-2577-43E4-B76C-B5E6410C70C2}"
EndProject
Project("{00D1A9C2-B5F0-4AF3-8072-F6C62B433612}") = "SmartERP.Database", "..\..\SmartERP.Database\SmartERP.Database\SmartERP.Database.sqlproj", "{4607E4C1-CC78-461A-8243-D9BBE89B5C4B}"
EndProject
Global
	GlobalSection(SolutionConfigurationPlatforms) = preSolution
		Debug|Any CPU = Debug|Any CPU
		Release|Any CPU = Release|Any CPU
	EndGlobalSection
	GlobalSection(ProjectConfigurationPlatforms) = postSolution
		{24CA74F5-6AF8-4C67-AC79-3E648ECBEA68}.Debug|Any CPU.ActiveCfg = Debug|Any CPU
		{24CA74F5-6AF8-4C67-AC79-3E648ECBEA68}.Debug|Any CPU.Build.0 = Debug|Any CPU
		{24CA74F5-6AF8-4C67-AC79-3E648ECBEA68}.Release|Any CPU.ActiveCfg = Release|Any CPU
		{24CA74F5-6AF8-4C67-AC79-3E648ECBEA68}.Release|Any CPU.Build.0 = Release|Any CPU
		{93A97F3F-8C82-461F-8810-888F1EF93D6E}.Debug|Any CPU.ActiveCfg = Debug|Any CPU
		{93A97F3F-8C82-461F-8810-888F1EF93D6E}.Debug|Any CPU.Build.0 = Debug|Any CPU
		{93A97F3F-8C82-461F-8810-888F1EF93D6E}.Release|Any CPU.ActiveCfg = Release|Any CPU
		{93A97F3F-8C82-461F-8810-888F1EF93D6E}.Release|Any CPU.Build.0 = Release|Any CPU
		{58D24B07-2577-43E4-B76C-B5E6410C70C2}.Debug|Any CPU.ActiveCfg = Debug|Any CPU
		{58D24B07-2577-43E4-B76C-B5E6410C70C2}.Debug|Any CPU.Build.0 = Debug|Any CPU
		{58D24B07-2577-43E4-B76C-B5E6410C70C2}.Release|Any CPU.ActiveCfg = Release|Any CPU
		{58D24B07-2577-43E4-B76C-B5E6410C70C2}.Release|Any CPU.Build.0 = Release|Any CPU
		{4607E4C1-CC78-461A-8243-D9BBE89B5C4B}.Debug|Any CPU.ActiveCfg = Debug|Any CPU
		{4607E4C1-CC78-461A-8243-D9BBE89B5C4B}.Debug|Any CPU.Build.0 = Debug|Any CPU
		{4607E4C1-CC78-461A-8243-D9BBE89B5C4B}.Debug|Any CPU.Deploy.0 = Debug|Any CPU
		{4607E4C1-CC78-461A-8243-D9BBE89B5C4B}.Release|Any CPU.ActiveCfg = Release|Any CPU
		{4607E4C1-CC78-461A-8243-D9BBE89B5C4B}.Release|Any CPU.Build.0 = Release|Any CPU
		{4607E4C1-CC78-461A-8243-D9BBE89B5C4B}.Release|Any CPU.Deploy.0 = Release|Any CPU
	EndGlobalSection
	GlobalSection(SolutionProperties) = preSolution
		HideSolutionNode = FALSE
	EndGlobalSection
	GlobalSection(TeamFoundationVersionControl) = preSolution
		SccNumberOfProjects = 4
		SccEnterpriseProvider = {4CA58AB2-18FA-4F8D-95D4-32DDF27D184C}
		SccTeamFoundationServer = https://anandarajan.visualstudio.com/
		SccProjectUniqueName0 = SmartERP.Web.csproj
		SccProjectName0 = .
		SccAuxPath0 = https://anandarajan.visualstudio.com
		SccLocalPath0 = .
		SccProvider0 = {4CA58AB2-18FA-4F8D-95D4-32DDF27D184C}
		SccProjectUniqueName1 = ..\\..\\SmartERP.Repository\\SmartERP.Repository\\SmartERP.Repository.csproj
		SccProjectName1 = ../../SmartERP.Repository/SmartERP.Repository
		SccAuxPath1 = https://anandarajan.visualstudio.com
		SccLocalPath1 = ..\\..\\SmartERP.Repository\\SmartERP.Repository
		SccProvider1 = {4CA58AB2-18FA-4F8D-95D4-32DDF27D184C}
		SccProjectUniqueName2 = ..\\..\\SmartERP.Entity\\SmartERP.Entity\\SmartERP.Entity.csproj
		SccProjectName2 = ../../SmartERP.Entity/SmartERP.Entity
		SccAuxPath2 = https://anandarajan.visualstudio.com
		SccLocalPath2 = ..\\..\\SmartERP.Entity\\SmartERP.Entity
		SccProvider2 = {4CA58AB2-18FA-4F8D-95D4-32DDF27D184C}
		SccProjectUniqueName3 = ..\\..\\SmartERP.Database\\SmartERP.Database\\SmartERP.Database.sqlproj
		SccProjectName3 = ../../SmartERP.Database/SmartERP.Database
		SccAuxPath3 = https://anandarajan.visualstudio.com
		SccLocalPath3 = ..\\..\\SmartERP.Database\\SmartERP.Database
		SccProvider3 = {4CA58AB2-18FA-4F8D-95D4-32DDF27D184C}
	EndGlobalSection
EndGlobal
